
Microsoft Visual Studio Solution File, Format Version 12.00
# Visual Studio Version 17
VisualStudioVersion = 17.14.36310.24
MinimumVisualStudioVersion = 10.0.40219.1
Project("{FAE04EC0-301F-11D3-BF4B-00C04F79EFBC}") = "Inventory Manager", "Software 1 Project\Inventory Manager.csproj", "{944D2EBA-8D18-44C1-8DE1-325FB0D339F0}"
EndProject
Global
	GlobalSection(SolutionConfigurationPlatforms) = preSolution
		Debug|Any CPU = Debug|Any CPU
		Release|Any CPU = Release|Any CPU
	EndGlobalSection
	GlobalSection(ProjectConfigurationPlatforms) = postSolution
		{944D2EBA-8D18-44C1-8DE1-325FB0D339F0}.Debug|Any CPU.ActiveCfg = Debug|Any CPU
		{944D2EBA-8D18-44C1-8DE1-325FB0D339F0}.Debug|Any CPU.Build.0 = Debug|Any CPU
		{944D2EBA-8D18-44C1-8DE1-325FB0D339F0}.Release|Any CPU.ActiveCfg = Release|Any CPU
		{944D2EBA-8D18-44C1-8DE1-325FB0D339F0}.Release|Any CPU.Build.0 = Release|Any CPU
	EndGlobalSection
	GlobalSection(SolutionProperties) = preSolution
		HideSolutionNode = FALSE
	EndGlobalSection
	GlobalSection(ExtensibilityGlobals) = postSolution
		SolutionGuid = {9C6B25D0-ECDD-4D84-A762-4E2E8AA5903B}
	EndGlobalSection
EndGlobal
